
Microsoft Visual Studio Solution File, Format Version 12.00
# Visual Studio 15
VisualStudioVersion = 15.0.27703.2047
MinimumVisualStudioVersion = 10.0.40219.1
Project("{FAE04EC0-301F-11D3-BF4B-00C04F79EFBC}") = "TimerLab", "TimerLab\TimerLab.csproj", "{F991D666-C4B1-49AD-AD49-51904382F980}"
EndProject
Project("{FAE04EC0-301F-11D3-BF4B-00C04F79EFBC}") = "TimerLabWeb", "TimerLabWeb\TimerLabWeb.csproj", "{4184FF77-70CD-43E3-B1E3-8D2112AC3A58}"
EndProject
Global
	GlobalSection(SolutionConfigurationPlatforms) = preSolution
		Debug|Any CPU = Debug|Any CPU
		Release|Any CPU = Release|Any CPU
	EndGlobalSection
	GlobalSection(ProjectConfigurationPlatforms) = postSolution
		{F991D666-C4B1-49AD-AD49-51904382F980}.Debug|Any CPU.ActiveCfg = Debug|Any CPU
		{F991D666-C4B1-49AD-AD49-51904382F980}.Debug|Any CPU.Build.0 = Debug|Any CPU
		{F991D666-C4B1-49AD-AD49-51904382F980}.Debug|Any CPU.Deploy.0 = Debug|Any CPU
		{F991D666-C4B1-49AD-AD49-51904382F980}.Release|Any CPU.ActiveCfg = Release|Any CPU
		{F991D666-C4B1-49AD-AD49-51904382F980}.Release|Any CPU.Build.0 = Release|Any CPU
		{F991D666-C4B1-49AD-AD49-51904382F980}.Release|Any CPU.Deploy.0 = Release|Any CPU
		{4184FF77-70CD-43E3-B1E3-8D2112AC3A58}.Debug|Any CPU.ActiveCfg = Debug|Any CPU
		{4184FF77-70CD-43E3-B1E3-8D2112AC3A58}.Debug|Any CPU.Build.0 = Debug|Any CPU
		{4184FF77-70CD-43E3-B1E3-8D2112AC3A58}.Release|Any CPU.ActiveCfg = Release|Any CPU
		{4184FF77-70CD-43E3-B1E3-8D2112AC3A58}.Release|Any CPU.Build.0 = Release|Any CPU
	EndGlobalSection
	GlobalSection(SolutionProperties) = preSolution
		HideSolutionNode = FALSE
	EndGlobalSection
	GlobalSection(ExtensibilityGlobals) = postSolution
		SolutionGuid = {F9B6C675-69E2-45A4-984C-EE74D15AE692}
	EndGlobalSection
EndGlobal
